
Microsoft Visual Studio Solution File, Format Version 12.00
# Visual Studio 15
VisualStudioVersion = 15.0.27703.2035
MinimumVisualStudioVersion = 10.0.40219.1
Project("{9A19103F-16F7-4668-BE54-9A1E7A4F7556}") = "TryingNancy.Trying", "TryingNancy.Trying\TryingNancy.Trying.csproj", "{5003986F-FA73-4F41-A066-8025DCDAB19F}"
EndProject
Global
	GlobalSection(SolutionConfigurationPlatforms) = preSolution
		Debug|Any CPU = Debug|Any CPU
		Release|Any CPU = Release|Any CPU
	EndGlobalSection
	GlobalSection(ProjectConfigurationPlatforms) = postSolution
		{5003986F-FA73-4F41-A066-8025DCDAB19F}.Debug|Any CPU.ActiveCfg = Debug|Any CPU
		{5003986F-FA73-4F41-A066-8025DCDAB19F}.Debug|Any CPU.Build.0 = Debug|Any CPU
		{5003986F-FA73-4F41-A066-8025DCDAB19F}.Release|Any CPU.ActiveCfg = Release|Any CPU
		{5003986F-FA73-4F41-A066-8025DCDAB19F}.Release|Any CPU.Build.0 = Release|Any CPU
	EndGlobalSection
	GlobalSection(SolutionProperties) = preSolution
		HideSolutionNode = FALSE
	EndGlobalSection
	GlobalSection(ExtensibilityGlobals) = postSolution
		SolutionGuid = {C3805664-DB2C-49C8-AE4A-1C8A51B3DDD0}
	EndGlobalSection
EndGlobal
